
Microsoft Visual Studio Solution File, Format Version 12.00
# Visual Studio Version 16
VisualStudioVersion = 16.0.33214.272
MinimumVisualStudioVersion = 10.0.40219.1
Project("{FAE04EC0-301F-11D3-BF4B-00C04F79EFBC}") = "Agario", "Agario\Agario.csproj", "{4020496B-F6D9-45FF-B32F-20E983CEB0B7}"
EndProject
Global
	GlobalSection(SolutionConfigurationPlatforms) = preSolution
		Debug|Any CPU = Debug|Any CPU
		Release|Any CPU = Release|Any CPU
	EndGlobalSection
	GlobalSection(ProjectConfigurationPlatforms) = postSolution
		{4020496B-F6D9-45FF-B32F-20E983CEB0B7}.Debug|Any CPU.ActiveCfg = Debug|Any CPU
		{4020496B-F6D9-45FF-B32F-20E983CEB0B7}.Debug|Any CPU.Build.0 = Debug|Any CPU
		{4020496B-F6D9-45FF-B32F-20E983CEB0B7}.Release|Any CPU.ActiveCfg = Release|Any CPU
		{4020496B-F6D9-45FF-B32F-20E983CEB0B7}.Release|Any CPU.Build.0 = Release|Any CPU
	EndGlobalSection
	GlobalSection(SolutionProperties) = preSolution
		HideSolutionNode = FALSE
	EndGlobalSection
	GlobalSection(ExtensibilityGlobals) = postSolution
		SolutionGuid = {62FAF06C-5DD9-49DF-B06C-BBCC978BE002}
	EndGlobalSection
EndGlobal
